
Microsoft Visual Studio Solution File, Format Version 12.00
# Visual Studio 2013
VisualStudioVersion = 12.0.21005.1
MinimumVisualStudioVersion = 10.0.40219.1
Project("{FAE04EC0-301F-11D3-BF4B-00C04F79EFBC}") = "nerve", "nerve\nerve.csproj", "{8580A3FB-1F51-4677-8855-DAE2A6EC1BB6}"
EndProject
Project("{FAE04EC0-301F-11D3-BF4B-00C04F79EFBC}") = "nerve.core", "nerve.core\nerve.core.csproj", "{D8014979-878B-45D0-9BFA-8FF4CE369054}"
EndProject
Global
	GlobalSection(SolutionConfigurationPlatforms) = preSolution
		Debug|Any CPU = Debug|Any CPU
		Release|Any CPU = Release|Any CPU
	EndGlobalSection
	GlobalSection(ProjectConfigurationPlatforms) = postSolution
		{8580A3FB-1F51-4677-8855-DAE2A6EC1BB6}.Debug|Any CPU.ActiveCfg = Debug|Any CPU
		{8580A3FB-1F51-4677-8855-DAE2A6EC1BB6}.Debug|Any CPU.Build.0 = Debug|Any CPU
		{8580A3FB-1F51-4677-8855-DAE2A6EC1BB6}.Release|Any CPU.ActiveCfg = Release|Any CPU
		{8580A3FB-1F51-4677-8855-DAE2A6EC1BB6}.Release|Any CPU.Build.0 = Release|Any CPU
		{D8014979-878B-45D0-9BFA-8FF4CE369054}.Debug|Any CPU.ActiveCfg = Debug|Any CPU
		{D8014979-878B-45D0-9BFA-8FF4CE369054}.Debug|Any CPU.Build.0 = Debug|Any CPU
		{D8014979-878B-45D0-9BFA-8FF4CE369054}.Release|Any CPU.ActiveCfg = Release|Any CPU
		{D8014979-878B-45D0-9BFA-8FF4CE369054}.Release|Any CPU.Build.0 = Release|Any CPU
	EndGlobalSection
	GlobalSection(SolutionProperties) = preSolution
		HideSolutionNode = FALSE
	EndGlobalSection
EndGlobal
